
Microsoft Visual Studio Solution File, Format Version 12.00
# Visual Studio Version 17
VisualStudioVersion = 17.9.34616.47
MinimumVisualStudioVersion = 10.0.40219.1
Project("{FAE04EC0-301F-11D3-BF4B-00C04F79EFBC}") = "tasks", "tasks\tasks\tasks.csproj", "{A9589066-BB35-47B2-A079-F67A70FEEA5E}"
EndProject
Project("{FAE04EC0-301F-11D3-BF4B-00C04F79EFBC}") = "tasks.Client", "tasks\tasks.Client\tasks.Client.csproj", "{ABC88A9A-E8F8-430D-BBC1-512B00460E7F}"
EndProject
Global
	GlobalSection(SolutionConfigurationPlatforms) = preSolution
		Debug|Any CPU = Debug|Any CPU
		Release|Any CPU = Release|Any CPU
	EndGlobalSection
	GlobalSection(ProjectConfigurationPlatforms) = postSolution
		{A9589066-BB35-47B2-A079-F67A70FEEA5E}.Debug|Any CPU.ActiveCfg = Debug|Any CPU
		{A9589066-BB35-47B2-A079-F67A70FEEA5E}.Debug|Any CPU.Build.0 = Debug|Any CPU
		{A9589066-BB35-47B2-A079-F67A70FEEA5E}.Release|Any CPU.ActiveCfg = Release|Any CPU
		{A9589066-BB35-47B2-A079-F67A70FEEA5E}.Release|Any CPU.Build.0 = Release|Any CPU
		{ABC88A9A-E8F8-430D-BBC1-512B00460E7F}.Debug|Any CPU.ActiveCfg = Debug|Any CPU
		{ABC88A9A-E8F8-430D-BBC1-512B00460E7F}.Debug|Any CPU.Build.0 = Debug|Any CPU
		{ABC88A9A-E8F8-430D-BBC1-512B00460E7F}.Release|Any CPU.ActiveCfg = Release|Any CPU
		{ABC88A9A-E8F8-430D-BBC1-512B00460E7F}.Release|Any CPU.Build.0 = Release|Any CPU
	EndGlobalSection
	GlobalSection(SolutionProperties) = preSolution
		HideSolutionNode = FALSE
	EndGlobalSection
	GlobalSection(ExtensibilityGlobals) = postSolution
		SolutionGuid = {50EA6BE8-FE9C-480F-9D5D-7B559E51E263}
	EndGlobalSection
EndGlobal
